
Microsoft Visual Studio Solution File, Format Version 12.00
# Visual Studio Version 17
VisualStudioVersion = 17.9.34622.214
MinimumVisualStudioVersion = 10.0.40219.1
Project("{9A19103F-16F7-4668-BE54-9A1E7A4F7556}") = "PlayWright.Min", "PlayWright.Min.csproj", "{0CA7784F-2592-4D4E-801B-23715797FA98}"
EndProject
Project("{2150E333-8FDC-42A3-9474-1A3956D46DE8}") = "Build", "Build", "{0ECB2136-41EB-44F7-BA3B-34B1AEAC5F87}"
	ProjectSection(SolutionItems) = preProject
		.github\workflows\build-and-test.yaml = .github\workflows\build-and-test.yaml
		Dockerfile = Dockerfile
	EndProjectSection
EndProject
Global
	GlobalSection(SolutionConfigurationPlatforms) = preSolution
		Debug|Any CPU = Debug|Any CPU
		Release|Any CPU = Release|Any CPU
	EndGlobalSection
	GlobalSection(ProjectConfigurationPlatforms) = postSolution
		{0CA7784F-2592-4D4E-801B-23715797FA98}.Debug|Any CPU.ActiveCfg = Debug|Any CPU
		{0CA7784F-2592-4D4E-801B-23715797FA98}.Debug|Any CPU.Build.0 = Debug|Any CPU
		{0CA7784F-2592-4D4E-801B-23715797FA98}.Release|Any CPU.ActiveCfg = Release|Any CPU
		{0CA7784F-2592-4D4E-801B-23715797FA98}.Release|Any CPU.Build.0 = Release|Any CPU
	EndGlobalSection
	GlobalSection(SolutionProperties) = preSolution
		HideSolutionNode = FALSE
	EndGlobalSection
	GlobalSection(ExtensibilityGlobals) = postSolution
		SolutionGuid = {2A0B196D-3870-4013-A8CE-C645BFA7D859}
	EndGlobalSection
EndGlobal
